// !$*UTF8*$!
{
	archiveVersion = 1;
	classes = {
	};
	objectVersion = 50;
	objects = {

/* Begin PBXBuildFile section */
		A728EB4AC20F0EF4277C86B5 /* Pods_NewsRecommender.framework in Frameworks */ = {isa = PBXBuildFile; fileRef = D8ED78C458231FB8DFAB5979 /* Pods_NewsRecommender.framework */; };
		BA38599E21A9DE7000AD256C /* NewsServiceProtocol.swift in Sources */ = {isa = PBXBuildFile; fileRef = BA38599D21A9DE7000AD256C /* NewsServiceProtocol.swift */; };
		BA3859A021A9E00D00AD256C /* NewsCategory.swift in Sources */ = {isa = PBXBuildFile; fileRef = BA38599F21A9E00D00AD256C /* NewsCategory.swift */; };
		BA3859A221A9F51500AD256C /* PickCategoriesViewController.swift in Sources */ = {isa = PBXBuildFile; fileRef = BA3859A121A9F51500AD256C /* PickCategoriesViewController.swift */; };
		BA3859A421A9F59500AD256C /* CategoryCollectionViewCell.swift in Sources */ = {isa = PBXBuildFile; fileRef = BA3859A321A9F59500AD256C /* CategoryCollectionViewCell.swift */; };
		BA3859AB21AAC37000AD256C /* CategoryCollectionViewCell.xib in Resources */ = {isa = PBXBuildFile; fileRef = BA3859AA21AAC37000AD256C /* CategoryCollectionViewCell.xib */; };
		BA3859AD21AAE56100AD256C /* UIViewControllerExtension.swift in Sources */ = {isa = PBXBuildFile; fileRef = BA3859AC21AAE56100AD256C /* UIViewControllerExtension.swift */; };
		BA3859B121AB118A00AD256C /* News.swift in Sources */ = {isa = PBXBuildFile; fileRef = BA3859B021AB118A00AD256C /* News.swift */; };
		BA3859B321AB173E00AD256C /* NewsService.swift in Sources */ = {isa = PBXBuildFile; fileRef = BA3859B221AB173E00AD256C /* NewsService.swift */; };
		BA3859B521AB25EF00AD256C /* ServiceContainer.swift in Sources */ = {isa = PBXBuildFile; fileRef = BA3859B421AB25EF00AD256C /* ServiceContainer.swift */; };
		BA3859B921AC792800AD256C /* NewsTableViewCell.swift in Sources */ = {isa = PBXBuildFile; fileRef = BA3859B821AC792800AD256C /* NewsTableViewCell.swift */; };
		BA3859BB21AC7A4500AD256C /* NewsTableViewCell.xib in Resources */ = {isa = PBXBuildFile; fileRef = BA3859BA21AC7A4500AD256C /* NewsTableViewCell.xib */; };
		BA3859BD21AC7C8E00AD256C /* RateInitialNewsViewController.swift in Sources */ = {isa = PBXBuildFile; fileRef = BA3859BC21AC7C8E00AD256C /* RateInitialNewsViewController.swift */; };
		BA3859C021AD498800AD256C /* Preference.swift in Sources */ = {isa = PBXBuildFile; fileRef = BA3859BF21AD498800AD256C /* Preference.swift */; };
		BA3859C221AD67D200AD256C /* WebViewController.swift in Sources */ = {isa = PBXBuildFile; fileRef = BA3859C121AD67D200AD256C /* WebViewController.swift */; };
		BA44594F21B19006009FDE48 /* KeywordServiceProtocol.swift in Sources */ = {isa = PBXBuildFile; fileRef = BA44594E21B19006009FDE48 /* KeywordServiceProtocol.swift */; };
		BA44595121B19015009FDE48 /* KeywordService.swift in Sources */ = {isa = PBXBuildFile; fileRef = BA44595021B19015009FDE48 /* KeywordService.swift */; };
		BAB1314D21B455D500097004 /* StringExtension.swift in Sources */ = {isa = PBXBuildFile; fileRef = BAB1314C21B455D500097004 /* StringExtension.swift */; };
		BAD0523E21A341710070A868 /* AppDelegate.swift in Sources */ = {isa = PBXBuildFile; fileRef = BAD0523D21A341710070A868 /* AppDelegate.swift */; };
		BAD0524021A341710070A868 /* FirstViewController.swift in Sources */ = {isa = PBXBuildFile; fileRef = BAD0523F21A341710070A868 /* FirstViewController.swift */; };
		BAD0524221A341710070A868 /* SecondViewController.swift in Sources */ = {isa = PBXBuildFile; fileRef = BAD0524121A341710070A868 /* SecondViewController.swift */; };
		BAD0524521A341710070A868 /* Main.storyboard in Resources */ = {isa = PBXBuildFile; fileRef = BAD0524321A341710070A868 /* Main.storyboard */; };
		BAD0524721A341730070A868 /* Assets.xcassets in Resources */ = {isa = PBXBuildFile; fileRef = BAD0524621A341730070A868 /* Assets.xcassets */; };
		BAD0524A21A341730070A868 /* LaunchScreen.storyboard in Resources */ = {isa = PBXBuildFile; fileRef = BAD0524821A341730070A868 /* LaunchScreen.storyboard */; };
		BAD0525321A341D10070A868 /* Constants.swift in Sources */ = {isa = PBXBuildFile; fileRef = BAD0525221A341D10070A868 /* Constants.swift */; };
/* End PBXBuildFile section */

/* Begin PBXFileReference section */
		363B237AD4FEFE6F1215F2C1 /* Pods-NewsRecommender.debug.xcconfig */ = {isa = PBXFileReference; includeInIndex = 1; lastKnownFileType = text.xcconfig; name = "Pods-NewsRecommender.debug.xcconfig"; path = "Pods/Target Support Files/Pods-NewsRecommender/Pods-NewsRecommender.debug.xcconfig"; sourceTree = "<group>"; };
		BA38599D21A9DE7000AD256C /* NewsServiceProtocol.swift */ = {isa = PBXFileReference; lastKnownFileType = sourcecode.swift; path = NewsServiceProtocol.swift; sourceTree = "<group>"; };
		BA38599F21A9E00D00AD256C /* NewsCategory.swift */ = {isa = PBXFileReference; lastKnownFileType = sourcecode.swift; path = NewsCategory.swift; sourceTree = "<group>"; };
		BA3859A121A9F51500AD256C /* PickCategoriesViewController.swift */ = {isa = PBXFileReference; lastKnownFileType = sourcecode.swift; path = PickCategoriesViewController.swift; sourceTree = "<group>"; };
		BA3859A321A9F59500AD256C /* CategoryCollectionViewCell.swift */ = {isa = PBXFileReference; lastKnownFileType = sourcecode.swift; path = CategoryCollectionViewCell.swift; sourceTree = "<group>"; };
		BA3859AA21AAC37000AD256C /* CategoryCollectionViewCell.xib */ = {isa = PBXFileReference; lastKnownFileType = file.xib; path = CategoryCollectionViewCell.xib; sourceTree = "<group>"; };
		BA3859AC21AAE56100AD256C /* UIViewControllerExtension.swift */ = {isa = PBXFileReference; lastKnownFileType = sourcecode.swift; path = UIViewControllerExtension.swift; sourceTree = "<group>"; };
		BA3859B021AB118A00AD256C /* News.swift */ = {isa = PBXFileReference; lastKnownFileType = sourcecode.swift; path = News.swift; sourceTree = "<group>"; };
		BA3859B221AB173E00AD256C /* NewsService.swift */ = {isa = PBXFileReference; lastKnownFileType = sourcecode.swift; path = NewsService.swift; sourceTree = "<group>"; };
		BA3859B421AB25EF00AD256C /* ServiceContainer.swift */ = {isa = PBXFileReference; lastKnownFileType = sourcecode.swift; path = ServiceContainer.swift; sourceTree = "<group>"; };
		BA3859B821AC792800AD256C /* NewsTableViewCell.swift */ = {isa = PBXFileReference; lastKnownFileType = sourcecode.swift; path = NewsTableViewCell.swift; sourceTree = "<group>"; };
		BA3859BA21AC7A4500AD256C /* NewsTableViewCell.xib */ = {isa = PBXFileReference; lastKnownFileType = file.xib; path = NewsTableViewCell.xib; sourceTree = "<group>"; };
		BA3859BC21AC7C8E00AD256C /* RateInitialNewsViewController.swift */ = {isa = PBXFileReference; lastKnownFileType = sourcecode.swift; path = RateInitialNewsViewController.swift; sourceTree = "<group>"; };
		BA3859BF21AD498800AD256C /* Preference.swift */ = {isa = PBXFileReference; lastKnownFileType = sourcecode.swift; path = Preference.swift; sourceTree = "<group>"; };
		BA3859C121AD67D200AD256C /* WebViewController.swift */ = {isa = PBXFileReference; lastKnownFileType = sourcecode.swift; path = WebViewController.swift; sourceTree = "<group>"; };
		BA44594E21B19006009FDE48 /* KeywordServiceProtocol.swift */ = {isa = PBXFileReference; lastKnownFileType = sourcecode.swift; name = KeywordServiceProtocol.swift; path = NewsRecommender/KeywordServiceProtocol.swift; sourceTree = SOURCE_ROOT; };
		BA44595021B19015009FDE48 /* KeywordService.swift */ = {isa = PBXFileReference; lastKnownFileType = sourcecode.swift; path = KeywordService.swift; sourceTree = "<group>"; };
		BAB1314C21B455D500097004 /* StringExtension.swift */ = {isa = PBXFileReference; lastKnownFileType = sourcecode.swift; path = StringExtension.swift; sourceTree = "<group>"; };
		BAD0523A21A341710070A868 /* NewsRecommender.app */ = {isa = PBXFileReference; explicitFileType = wrapper.application; includeInIndex = 0; path = NewsRecommender.app; sourceTree = BUILT_PRODUCTS_DIR; };
		BAD0523D21A341710070A868 /* AppDelegate.swift */ = {isa = PBXFileReference; lastKnownFileType = sourcecode.swift; path = AppDelegate.swift; sourceTree = "<group>"; };
		BAD0523F21A341710070A868 /* FirstViewController.swift */ = {isa = PBXFileReference; lastKnownFileType = sourcecode.swift; path = FirstViewController.swift; sourceTree = "<group>"; };
		BAD0524121A341710070A868 /* SecondViewController.swift */ = {isa = PBXFileReference; lastKnownFileType = sourcecode.swift; path = SecondViewController.swift; sourceTree = "<group>"; };
		BAD0524421A341710070A868 /* Base */ = {isa = PBXFileReference; lastKnownFileType = file.storyboard; name = Base; path = Base.lproj/Main.storyboard; sourceTree = "<group>"; };
		BAD0524621A341730070A868 /* Assets.xcassets */ = {isa = PBXFileReference; lastKnownFileType = folder.assetcatalog; path = Assets.xcassets; sourceTree = "<group>"; };
		BAD0524921A341730070A868 /* Base */ = {isa = PBXFileReference; lastKnownFileType = file.storyboard; name = Base; path = Base.lproj/LaunchScreen.storyboard; sourceTree = "<group>"; };
		BAD0524B21A341730070A868 /* Info.plist */ = {isa = PBXFileReference; lastKnownFileType = text.plist.xml; path = Info.plist; sourceTree = "<group>"; };
		BAD0525221A341D10070A868 /* Constants.swift */ = {isa = PBXFileReference; lastKnownFileType = sourcecode.swift; path = Constants.swift; sourceTree = "<group>"; };
		D8ED78C458231FB8DFAB5979 /* Pods_NewsRecommender.framework */ = {isa = PBXFileReference; explicitFileType = wrapper.framework; includeInIndex = 0; path = Pods_NewsRecommender.framework; sourceTree = BUILT_PRODUCTS_DIR; };
		F57698B1E09E8ADADE019573 /* Pods-NewsRecommender.release.xcconfig */ = {isa = PBXFileReference; includeInIndex = 1; lastKnownFileType = text.xcconfig; name = "Pods-NewsRecommender.release.xcconfig"; path = "Pods/Target Support Files/Pods-NewsRecommender/Pods-NewsRecommender.release.xcconfig"; sourceTree = "<group>"; };
/* End PBXFileReference section */

/* Begin PBXFrameworksBuildPhase section */
		BAD0523721A341710070A868 /* Frameworks */ = {
			isa = PBXFrameworksBuildPhase;
			buildActionMask = 2147483647;
			files = (
				A728EB4AC20F0EF4277C86B5 /* Pods_NewsRecommender.framework in Frameworks */,
			);
			runOnlyForDeploymentPostprocessing = 0;
		};
/* End PBXFrameworksBuildPhase section */

/* Begin PBXGroup section */
		08D2E05C84232611601CF979 /* Frameworks */ = {
			isa = PBXGroup;
			children = (
				D8ED78C458231FB8DFAB5979 /* Pods_NewsRecommender.framework */,
			);
			name = Frameworks;
			sourceTree = "<group>";
		};
		6EC8303BFB5C0C4CE58BA4D4 /* Pods */ = {
			isa = PBXGroup;
			children = (
				363B237AD4FEFE6F1215F2C1 /* Pods-NewsRecommender.debug.xcconfig */,
				F57698B1E09E8ADADE019573 /* Pods-NewsRecommender.release.xcconfig */,
			);
			name = Pods;
			sourceTree = "<group>";
		};
		BA3859A721AAB03C00AD256C /* Extension */ = {
			isa = PBXGroup;
			children = (
				BA3859AC21AAE56100AD256C /* UIViewControllerExtension.swift */,
				BAB1314C21B455D500097004 /* StringExtension.swift */,
			);
			path = Extension;
			sourceTree = "<group>";
		};
		BA3859AE21AB114100AD256C /* DisplayNews */ = {
			isa = PBXGroup;
			children = (
				BA3859AF21AB117B00AD256C /* Model */,
				BA3859B621AC785300AD256C /* Views */,
				BA3859B721AC785A00AD256C /* ViewControllers */,
			);
			path = DisplayNews;
			sourceTree = "<group>";
		};
		BA3859AF21AB117B00AD256C /* Model */ = {
			isa = PBXGroup;
			children = (
				BA3859B021AB118A00AD256C /* News.swift */,
			);
			path = Model;
			sourceTree = "<group>";
		};
		BA3859B621AC785300AD256C /* Views */ = {
			isa = PBXGroup;
			children = (
				BA3859B821AC792800AD256C /* NewsTableViewCell.swift */,
				BA3859BA21AC7A4500AD256C /* NewsTableViewCell.xib */,
			);
			path = Views;
			sourceTree = "<group>";
		};
		BA3859B721AC785A00AD256C /* ViewControllers */ = {
			isa = PBXGroup;
			children = (
				BA3859BC21AC7C8E00AD256C /* RateInitialNewsViewController.swift */,
				BA3859C121AD67D200AD256C /* WebViewController.swift */,
			);
			path = ViewControllers;
			sourceTree = "<group>";
		};
		BA3859BE21AD496A00AD256C /* Recommender */ = {
			isa = PBXGroup;
			children = (
				BA3859BF21AD498800AD256C /* Preference.swift */,
			);
			path = Recommender;
			sourceTree = "<group>";
		};
		BAD0523121A341710070A868 = {
			isa = PBXGroup;
			children = (
				BAD0523C21A341710070A868 /* NewsRecommender */,
				BAD0523B21A341710070A868 /* Products */,
				6EC8303BFB5C0C4CE58BA4D4 /* Pods */,
				08D2E05C84232611601CF979 /* Frameworks */,
			);
			sourceTree = "<group>";
		};
		BAD0523B21A341710070A868 /* Products */ = {
			isa = PBXGroup;
			children = (
				BAD0523A21A341710070A868 /* NewsRecommender.app */,
			);
			name = Products;
			sourceTree = "<group>";
		};
		BAD0523C21A341710070A868 /* NewsRecommender */ = {
			isa = PBXGroup;
			children = (
				BA3859BE21AD496A00AD256C /* Recommender */,
				BA3859A721AAB03C00AD256C /* Extension */,
				BAD0525521A34E000070A868 /* Features */,
				BAD0525421A343680070A868 /* APIServices */,
				BAD0525121A3419B0070A868 /* AppConfig */,
				BAD0523D21A341710070A868 /* AppDelegate.swift */,
				BAD0523F21A341710070A868 /* FirstViewController.swift */,
				BAD0524121A341710070A868 /* SecondViewController.swift */,
				BAD0524321A341710070A868 /* Main.storyboard */,
				BAD0524621A341730070A868 /* Assets.xcassets */,
				BAD0524821A341730070A868 /* LaunchScreen.storyboard */,
				BAD0524B21A341730070A868 /* Info.plist */,
			);
			path = NewsRecommender;
			sourceTree = "<group>";
		};
		BAD0525121A3419B0070A868 /* AppConfig */ = {
			isa = PBXGroup;
			children = (
				BAD0525221A341D10070A868 /* Constants.swift */,
			);
			path = AppConfig;
			sourceTree = "<group>";
		};
		BAD0525421A343680070A868 /* APIServices */ = {
			isa = PBXGroup;
			children = (
				BA38599D21A9DE7000AD256C /* NewsServiceProtocol.swift */,
				BA3859B221AB173E00AD256C /* NewsService.swift */,
				BA44594E21B19006009FDE48 /* KeywordServiceProtocol.swift */,
				BA44595021B19015009FDE48 /* KeywordService.swift */,
				BA3859B421AB25EF00AD256C /* ServiceContainer.swift */,
			);
			path = APIServices;
			sourceTree = "<group>";
		};
		BAD0525521A34E000070A868 /* Features */ = {
			isa = PBXGroup;
			children = (
				BA3859AE21AB114100AD256C /* DisplayNews */,
				BAD0525621A34E070070A868 /* PickCategories */,
			);
			path = Features;
			sourceTree = "<group>";
		};
		BAD0525621A34E070070A868 /* PickCategories */ = {
			isa = PBXGroup;
			children = (
				BAD0525721A34E500070A868 /* Models */,
				BAD0525821A34E5D0070A868 /* Views */,
				BAD0525921A34E720070A868 /* ViewControllers */,
			);
			path = PickCategories;
			sourceTree = "<group>";
		};
		BAD0525721A34E500070A868 /* Models */ = {
			isa = PBXGroup;
			children = (
				BA38599F21A9E00D00AD256C /* NewsCategory.swift */,
			);
			path = Models;
			sourceTree = "<group>";
		};
		BAD0525821A34E5D0070A868 /* Views */ = {
			isa = PBXGroup;
			children = (
				BA3859A321A9F59500AD256C /* CategoryCollectionViewCell.swift */,
				BA3859AA21AAC37000AD256C /* CategoryCollectionViewCell.xib */,
			);
			path = Views;
			sourceTree = "<group>";
		};
		BAD0525921A34E720070A868 /* ViewControllers */ = {
			isa = PBXGroup;
			children = (
				BA3859A121A9F51500AD256C /* PickCategoriesViewController.swift */,
			);
			path = ViewControllers;
			sourceTree = "<group>";
		};
/* End PBXGroup section */

/* Begin PBXNativeTarget section */
		BAD0523921A341710070A868 /* NewsRecommender */ = {
			isa = PBXNativeTarget;
			buildConfigurationList = BAD0524E21A341730070A868 /* Build configuration list for PBXNativeTarget "NewsRecommender" */;
			buildPhases = (
				7903DC76524023750E9D1ED3 /* [CP] Check Pods Manifest.lock */,
				BAD0523621A341710070A868 /* Sources */,
				BAD0523721A341710070A868 /* Frameworks */,
				BAD0523821A341710070A868 /* Resources */,
				00C8BD3AFD5A15A0240E9142 /* [CP] Embed Pods Frameworks */,
			);
			buildRules = (
			);
			dependencies = (
			);
			name = NewsRecommender;
			productName = NewsRecommender;
			productReference = BAD0523A21A341710070A868 /* NewsRecommender.app */;
			productType = "com.apple.product-type.application";
		};
/* End PBXNativeTarget section */

/* Begin PBXProject section */
		BAD0523221A341710070A868 /* Project object */ = {
			isa = PBXProject;
			attributes = {
				LastSwiftUpdateCheck = 1010;
				LastUpgradeCheck = 1010;
				ORGANIZATIONNAME = mun;
				TargetAttributes = {
					BAD0523921A341710070A868 = {
						CreatedOnToolsVersion = 10.1;
					};
				};
			};
			buildConfigurationList = BAD0523521A341710070A868 /* Build configuration list for PBXProject "NewsRecommender" */;
			compatibilityVersion = "Xcode 9.3";
			developmentRegion = en;
			hasScannedForEncodings = 0;
			knownRegions = (
				en,
				Base,
			);
			mainGroup = BAD0523121A341710070A868;
			productRefGroup = BAD0523B21A341710070A868 /* Products */;
			projectDirPath = "";
			projectRoot = "";
			targets = (
				BAD0523921A341710070A868 /* NewsRecommender */,
			);
		};
/* End PBXProject section */

/* Begin PBXResourcesBuildPhase section */
		BAD0523821A341710070A868 /* Resources */ = {
			isa = PBXResourcesBuildPhase;
			buildActionMask = 2147483647;
			files = (
				BA3859AB21AAC37000AD256C /* CategoryCollectionViewCell.xib in Resources */,
				BAD0524A21A341730070A868 /* LaunchScreen.storyboard in Resources */,
				BAD0524721A341730070A868 /* Assets.xcassets in Resources */,
				BAD0524521A341710070A868 /* Main.storyboard in Resources */,
				BA3859BB21AC7A4500AD256C /* NewsTableViewCell.xib in Resources */,
			);
			runOnlyForDeploymentPostprocessing = 0;
		};
/* End PBXResourcesBuildPhase section */

/* Begin PBXShellScriptBuildPhase section */
		00C8BD3AFD5A15A0240E9142 /* [CP] Embed Pods Frameworks */ = {
			isa = PBXShellScriptBuildPhase;
			buildActionMask = 2147483647;
			files = (
			);
			inputFileListPaths = (
			);
			inputPaths = (
				"${SRCROOT}/Pods/Target Support Files/Pods-NewsRecommender/Pods-NewsRecommender-frameworks.sh",
				"${BUILT_PRODUCTS_DIR}/Alamofire/Alamofire.framework",
				"${BUILT_PRODUCTS_DIR}/AlamofireImage/AlamofireImage.framework",
				"${BUILT_PRODUCTS_DIR}/AlamofireObjectMapper/AlamofireObjectMapper.framework",
				"${BUILT_PRODUCTS_DIR}/IQKeyboardManagerSwift/IQKeyboardManagerSwift.framework",
				"${BUILT_PRODUCTS_DIR}/ObjectMapper/ObjectMapper.framework",
				"${BUILT_PRODUCTS_DIR}/Realm/Realm.framework",
				"${BUILT_PRODUCTS_DIR}/RealmSwift/RealmSwift.framework",
				"${BUILT_PRODUCTS_DIR}/SkeletonView/SkeletonView.framework",
				"${BUILT_PRODUCTS_DIR}/SwiftyJSON/SwiftyJSON.framework",
				"${BUILT_PRODUCTS_DIR}/Swinject/Swinject.framework",
			);
			name = "[CP] Embed Pods Frameworks";
			outputFileListPaths = (
			);
			outputPaths = (
				"${TARGET_BUILD_DIR}/${FRAMEWORKS_FOLDER_PATH}/Alamofire.framework",
				"${TARGET_BUILD_DIR}/${FRAMEWORKS_FOLDER_PATH}/AlamofireImage.framework",
				"${TARGET_BUILD_DIR}/${FRAMEWORKS_FOLDER_PATH}/AlamofireObjectMapper.framework",
				"${TARGET_BUILD_DIR}/${FRAMEWORKS_FOLDER_PATH}/IQKeyboardManagerSwift.framework",
				"${TARGET_BUILD_DIR}/${FRAMEWORKS_FOLDER_PATH}/ObjectMapper.framework",
				"${TARGET_BUILD_DIR}/${FRAMEWORKS_FOLDER_PATH}/Realm.framework",
				"${TARGET_BUILD_DIR}/${FRAMEWORKS_FOLDER_PATH}/RealmSwift.framework",
				"${TARGET_BUILD_DIR}/${FRAMEWORKS_FOLDER_PATH}/SkeletonView.framework",
				"${TARGET_BUILD_DIR}/${FRAMEWORKS_FOLDER_PATH}/SwiftyJSON.framework",
				"${TARGET_BUILD_DIR}/${FRAMEWORKS_FOLDER_PATH}/Swinject.framework",
			);
			runOnlyForDeploymentPostprocessing = 0;
			shellPath = /bin/sh;
			shellScript = "\"${SRCROOT}/Pods/Target Support Files/Pods-NewsRecommender/Pods-NewsRecommender-frameworks.sh\"\n";
			showEnvVarsInLog = 0;
		};
		7903DC76524023750E9D1ED3 /* [CP] Check Pods Manifest.lock */ = {
			isa = PBXShellScriptBuildPhase;
			buildActionMask = 2147483647;
			files = (
			);
			inputFileListPaths = (
			);
			inputPaths = (
				"${PODS_PODFILE_DIR_PATH}/Podfile.lock",
				"${PODS_ROOT}/Manifest.lock",
			);
			name = "[CP] Check Pods Manifest.lock";
			outputFileListPaths = (
			);
			outputPaths = (
				"$(DERIVED_FILE_DIR)/Pods-NewsRecommender-checkManifestLockResult.txt",
			);
			runOnlyForDeploymentPostprocessing = 0;
			shellPath = /bin/sh;
			shellScript = "diff \"${PODS_PODFILE_DIR_PATH}/Podfile.lock\" \"${PODS_ROOT}/Manifest.lock\" > /dev/null\nif [ $? != 0 ] ; then\n    # print error to STDERR\n    echo \"error: The sandbox is not in sync with the Podfile.lock. Run 'pod install' or update your CocoaPods installation.\" >&2\n    exit 1\nfi\n# This output is used by Xcode 'outputs' to avoid re-running this script phase.\necho \"SUCCESS\" > \"${SCRIPT_OUTPUT_FILE_0}\"\n";
			showEnvVarsInLog = 0;
		};
/* End PBXShellScriptBuildPhase section */

/* Begin PBXSourcesBuildPhase section */
		BAD0523621A341710070A868 /* Sources */ = {
			isa = PBXSourcesBuildPhase;
			buildActionMask = 2147483647;
			files = (
				BA3859A421A9F59500AD256C /* CategoryCollectionViewCell.swift in Sources */,
				BA44595121B19015009FDE48 /* KeywordService.swift in Sources */,
				BA38599E21A9DE7000AD256C /* NewsServiceProtocol.swift in Sources */,
				BA3859BD21AC7C8E00AD256C /* RateInitialNewsViewController.swift in Sources */,
				BA3859AD21AAE56100AD256C /* UIViewControllerExtension.swift in Sources */,
				BAD0524221A341710070A868 /* SecondViewController.swift in Sources */,
				BA3859B921AC792800AD256C /* NewsTableViewCell.swift in Sources */,
				BA3859A021A9E00D00AD256C /* NewsCategory.swift in Sources */,
				BA3859A221A9F51500AD256C /* PickCategoriesViewController.swift in Sources */,
				BAD0523E21A341710070A868 /* AppDelegate.swift in Sources */,
				BAD0524021A341710070A868 /* FirstViewController.swift in Sources */,
				BA3859C021AD498800AD256C /* Preference.swift in Sources */,
				BA3859B121AB118A00AD256C /* News.swift in Sources */,
				BA3859B521AB25EF00AD256C /* ServiceContainer.swift in Sources */,
				BAD0525321A341D10070A868 /* Constants.swift in Sources */,
				BA3859B321AB173E00AD256C /* NewsService.swift in Sources */,
				BAB1314D21B455D500097004 /* StringExtension.swift in Sources */,
				BA3859C221AD67D200AD256C /* WebViewController.swift in Sources */,
				BA44594F21B19006009FDE48 /* KeywordServiceProtocol.swift in Sources */,
			);
			runOnlyForDeploymentPostprocessing = 0;
		};
/* End PBXSourcesBuildPhase section */

/* Begin PBXVariantGroup section */
		BAD0524321A341710070A868 /* Main.storyboard */ = {
			isa = PBXVariantGroup;
			children = (
				BAD0524421A341710070A868 /* Base */,
			);
			name = Main.storyboard;
			sourceTree = "<group>";
		};
		BAD0524821A341730070A868 /* LaunchScreen.storyboard */ = {
			isa = PBXVariantGroup;
			children = (
				BAD0524921A341730070A868 /* Base */,
			);
			name = LaunchScreen.storyboard;
			sourceTree = "<group>";
		};
/* End PBXVariantGroup section */

/* Begin XCBuildConfiguration section */
		BAD0524C21A341730070A868 /* Debug */ = {
			isa = XCBuildConfiguration;
			buildSettings = {
				ALWAYS_SEARCH_USER_PATHS = NO;
				CLANG_ANALYZER_NONNULL = YES;
				CLANG_ANALYZER_NUMBER_OBJECT_CONVERSION = YES_AGGRESSIVE;
				CLANG_CXX_LANGUAGE_STANDARD = "gnu++14";
				CLANG_CXX_LIBRARY = "libc++";
				CLANG_ENABLE_MODULES = YES;
				CLANG_ENABLE_OBJC_ARC = YES;
				CLANG_ENABLE_OBJC_WEAK = YES;
				CLANG_WARN_BLOCK_CAPTURE_AUTORELEASING = YES;
				CLANG_WARN_BOOL_CONVERSION = YES;
				CLANG_WARN_COMMA = YES;
				CLANG_WARN_CONSTANT_CONVERSION = YES;
				CLANG_WARN_DEPRECATED_OBJC_IMPLEMENTATIONS = YES;
				CLANG_WARN_DIRECT_OBJC_ISA_USAGE = YES_ERROR;
				CLANG_WARN_DOCUMENTATION_COMMENTS = YES;
				CLANG_WARN_EMPTY_BODY = YES;
				CLANG_WARN_ENUM_CONVERSION = YES;
				CLANG_WARN_INFINITE_RECURSION = YES;
				CLANG_WARN_INT_CONVERSION = YES;
				CLANG_WARN_NON_LITERAL_NULL_CONVERSION = YES;
				CLANG_WARN_OBJC_IMPLICIT_RETAIN_SELF = YES;
				CLANG_WARN_OBJC_LITERAL_CONVERSION = YES;
				CLANG_WARN_OBJC_ROOT_CLASS = YES_ERROR;
				CLANG_WARN_RANGE_LOOP_ANALYSIS = YES;
				CLANG_WARN_STRICT_PROTOTYPES = YES;
				CLANG_WARN_SUSPICIOUS_MOVE = YES;
				CLANG_WARN_UNGUARDED_AVAILABILITY = YES_AGGRESSIVE;
				CLANG_WARN_UNREACHABLE_CODE = YES;
				CLANG_WARN__DUPLICATE_METHOD_MATCH = YES;
				CODE_SIGN_IDENTITY = "iPhone Developer";
				COPY_PHASE_STRIP = NO;
				DEBUG_INFORMATION_FORMAT = dwarf;
				ENABLE_STRICT_OBJC_MSGSEND = YES;
				ENABLE_TESTABILITY = YES;
				GCC_C_LANGUAGE_STANDARD = gnu11;
				GCC_DYNAMIC_NO_PIC = NO;
				GCC_NO_COMMON_BLOCKS = YES;
				GCC_OPTIMIZATION_LEVEL = 0;
				GCC_PREPROCESSOR_DEFINITIONS = (
					"DEBUG=1",
					"$(inherited)",
				);
				GCC_WARN_64_TO_32_BIT_CONVERSION = YES;
				GCC_WARN_ABOUT_RETURN_TYPE = YES_ERROR;
				GCC_WARN_UNDECLARED_SELECTOR = YES;
				GCC_WARN_UNINITIALIZED_AUTOS = YES_AGGRESSIVE;
				GCC_WARN_UNUSED_FUNCTION = YES;
				GCC_WARN_UNUSED_VARIABLE = YES;
				IPHONEOS_DEPLOYMENT_TARGET = 12.1;
				MTL_ENABLE_DEBUG_INFO = INCLUDE_SOURCE;
				MTL_FAST_MATH = YES;
				ONLY_ACTIVE_ARCH = YES;
				SDKROOT = iphoneos;
				SWIFT_ACTIVE_COMPILATION_CONDITIONS = DEBUG;
				SWIFT_OPTIMIZATION_LEVEL = "-Onone";
			};
			name = Debug;
		};
		BAD0524D21A341730070A868 /* Release */ = {
			isa = XCBuildConfiguration;
			buildSettings = {
				ALWAYS_SEARCH_USER_PATHS = NO;
				CLANG_ANALYZER_NONNULL = YES;
				CLANG_ANALYZER_NUMBER_OBJECT_CONVERSION = YES_AGGRESSIVE;
				CLANG_CXX_LANGUAGE_STANDARD = "gnu++14";
				CLANG_CXX_LIBRARY = "libc++";
				CLANG_ENABLE_MODULES = YES;
				CLANG_ENABLE_OBJC_ARC = YES;
				CLANG_ENABLE_OBJC_WEAK = YES;
				CLANG_WARN_BLOCK_CAPTURE_AUTORELEASING = YES;
				CLANG_WARN_BOOL_CONVERSION = YES;
				CLANG_WARN_COMMA = YES;
				CLANG_WARN_CONSTANT_CONVERSION = YES;
				CLANG_WARN_DEPRECATED_OBJC_IMPLEMENTATIONS = YES;
				CLANG_WARN_DIRECT_OBJC_ISA_USAGE = YES_ERROR;
				CLANG_WARN_DOCUMENTATION_COMMENTS = YES;
				CLANG_WARN_EMPTY_BODY = YES;
				CLANG_WARN_ENUM_CONVERSION = YES;
				CLANG_WARN_INFINITE_RECURSION = YES;
				CLANG_WARN_INT_CONVERSION = YES;
				CLANG_WARN_NON_LITERAL_NULL_CONVERSION = YES;
				CLANG_WARN_OBJC_IMPLICIT_RETAIN_SELF = YES;
				CLANG_WARN_OBJC_LITERAL_CONVERSION = YES;
				CLANG_WARN_OBJC_ROOT_CLASS = YES_ERROR;
				CLANG_WARN_RANGE_LOOP_ANALYSIS = YES;
				CLANG_WARN_STRICT_PROTOTYPES = YES;
				CLANG_WARN_SUSPICIOUS_MOVE = YES;
				CLANG_WARN_UNGUARDED_AVAILABILITY = YES_AGGRESSIVE;
				CLANG_WARN_UNREACHABLE_CODE = YES;
				CLANG_WARN__DUPLICATE_METHOD_MATCH = YES;
				CODE_SIGN_IDENTITY = "iPhone Developer";
				COPY_PHASE_STRIP = NO;
				DEBUG_INFORMATION_FORMAT = "dwarf-with-dsym";
				ENABLE_NS_ASSERTIONS = NO;
				ENABLE_STRICT_OBJC_MSGSEND = YES;
				GCC_C_LANGUAGE_STANDARD = gnu11;
				GCC_NO_COMMON_BLOCKS = YES;
				GCC_WARN_64_TO_32_BIT_CONVERSION = YES;
				GCC_WARN_ABOUT_RETURN_TYPE = YES_ERROR;
				GCC_WARN_UNDECLARED_SELECTOR = YES;
				GCC_WARN_UNINITIALIZED_AUTOS = YES_AGGRESSIVE;
				GCC_WARN_UNUSED_FUNCTION = YES;
				GCC_WARN_UNUSED_VARIABLE = YES;
				IPHONEOS_DEPLOYMENT_TARGET = 12.1;
				MTL_ENABLE_DEBUG_INFO = NO;
				MTL_FAST_MATH = YES;
				SDKROOT = iphoneos;
				SWIFT_COMPILATION_MODE = wholemodule;
				SWIFT_OPTIMIZATION_LEVEL = "-O";
				VALIDATE_PRODUCT = YES;
			};
			name = Release;
		};
		BAD0524F21A341730070A868 /* Debug */ = {
			isa = XCBuildConfiguration;
			baseConfigurationReference = 363B237AD4FEFE6F1215F2C1 /* Pods-NewsRecommender.debug.xcconfig */;
			buildSettings = {
				ASSETCATALOG_COMPILER_APPICON_NAME = AppIcon;
				CODE_SIGN_STYLE = Automatic;
				DEVELOPMENT_TEAM = 2X5VEUFXDA;
				INFOPLIST_FILE = NewsRecommender/Info.plist;
				LD_RUNPATH_SEARCH_PATHS = (
					"$(inherited)",
					"@executable_path/Frameworks",
				);
				PRODUCT_BUNDLE_IDENTIFIER = com.munnie.NewsRecommender;
				PRODUCT_NAME = "$(TARGET_NAME)";
				SWIFT_VERSION = 4.2;
				TARGETED_DEVICE_FAMILY = "1,2";
			};
			name = Debug;
		};
		BAD0525021A341730070A868 /* Release */ = {
			isa = XCBuildConfiguration;
			baseConfigurationReference = F57698B1E09E8ADADE019573 /* Pods-NewsRecommender.release.xcconfig */;
			buildSettings = {
				ASSETCATALOG_COMPILER_APPICON_NAME = AppIcon;
				CODE_SIGN_STYLE = Automatic;
				DEVELOPMENT_TEAM = 2X5VEUFXDA;
				INFOPLIST_FILE = NewsRecommender/Info.plist;
				LD_RUNPATH_SEARCH_PATHS = (
					"$(inherited)",
					"@executable_path/Frameworks",
				);
				PRODUCT_BUNDLE_IDENTIFIER = com.munnie.NewsRecommender;
				PRODUCT_NAME = "$(TARGET_NAME)";
				SWIFT_VERSION = 4.2;
				TARGETED_DEVICE_FAMILY = "1,2";
			};
			name = Release;
		};
/* End XCBuildConfiguration section */

/* Begin XCConfigurationList section */
		BAD0523521A341710070A868 /* Build configuration list for PBXProject "NewsRecommender" */ = {
			isa = XCConfigurationList;
			buildConfigurations = (
				BAD0524C21A341730070A868 /* Debug */,
				BAD0524D21A341730070A868 /* Release */,
			);
			defaultConfigurationIsVisible = 0;
			defaultConfigurationName = Release;
		};
		BAD0524E21A341730070A868 /* Build configuration list for PBXNativeTarget "NewsRecommender" */ = {
			isa = XCConfigurationList;
			buildConfigurations = (
				BAD0524F21A341730070A868 /* Debug */,
				BAD0525021A341730070A868 /* Release */,
			);
			defaultConfigurationIsVisible = 0;
			defaultConfigurationName = Release;
		};
/* End XCConfigurationList section */
	};
	rootObject = BAD0523221A341710070A868 /* Project object */;
}
